// !$*UTF8*$!
{
	archiveVersion = 1;
	classes = {
	};
	objectVersion = 56;
	objects = {

/* Begin PBXBuildFile section */
		8F20F006291B92AC0049B0A4 /* AppDelegate.swift in Sources */ = {isa = PBXBuildFile; fileRef = 8F20F005291B92AC0049B0A4 /* AppDelegate.swift */; };
		8F20F008291B92AC0049B0A4 /* SceneDelegate.swift in Sources */ = {isa = PBXBuildFile; fileRef = 8F20F007291B92AC0049B0A4 /* SceneDelegate.swift */; };
		8F20F00A291B92AC0049B0A4 /* MainController.swift in Sources */ = {isa = PBXBuildFile; fileRef = 8F20F009291B92AC0049B0A4 /* MainController.swift */; };
		8F20F00D291B92AC0049B0A4 /* Main.storyboard in Resources */ = {isa = PBXBuildFile; fileRef = 8F20F00B291B92AC0049B0A4 /* Main.storyboard */; };
		8F20F00F291B92AD0049B0A4 /* Assets.xcassets in Resources */ = {isa = PBXBuildFile; fileRef = 8F20F00E291B92AD0049B0A4 /* Assets.xcassets */; };
		8F20F012291B92AD0049B0A4 /* LaunchScreen.storyboard in Resources */ = {isa = PBXBuildFile; fileRef = 8F20F010291B92AD0049B0A4 /* LaunchScreen.storyboard */; };
		8F20F01A291BB1460049B0A4 /* AppCoordinator.swift in Sources */ = {isa = PBXBuildFile; fileRef = 8F20F019291BB1460049B0A4 /* AppCoordinator.swift */; };
		8F20F01D291BC9AA0049B0A4 /* Data.json in Resources */ = {isa = PBXBuildFile; fileRef = 8F20F01C291BC9AA0049B0A4 /* Data.json */; };
		8F20F01F291BCB240049B0A4 /* Pizza.swift in Sources */ = {isa = PBXBuildFile; fileRef = 8F20F01E291BCB230049B0A4 /* Pizza.swift */; };
		8F20F021291BCBDD0049B0A4 /* PizzaService.swift in Sources */ = {isa = PBXBuildFile; fileRef = 8F20F020291BCBDD0049B0A4 /* PizzaService.swift */; };
/* End PBXBuildFile section */

/* Begin PBXFileReference section */
		8F20F002291B92AC0049B0A4 /* PizzaLizza.app */ = {isa = PBXFileReference; explicitFileType = wrapper.application; includeInIndex = 0; path = PizzaLizza.app; sourceTree = BUILT_PRODUCTS_DIR; };
		8F20F005291B92AC0049B0A4 /* AppDelegate.swift */ = {isa = PBXFileReference; lastKnownFileType = sourcecode.swift; path = AppDelegate.swift; sourceTree = "<group>"; };
		8F20F007291B92AC0049B0A4 /* SceneDelegate.swift */ = {isa = PBXFileReference; lastKnownFileType = sourcecode.swift; path = SceneDelegate.swift; sourceTree = "<group>"; };
		8F20F009291B92AC0049B0A4 /* MainController.swift */ = {isa = PBXFileReference; lastKnownFileType = sourcecode.swift; path = MainController.swift; sourceTree = "<group>"; };
		8F20F00C291B92AC0049B0A4 /* Base */ = {isa = PBXFileReference; lastKnownFileType = file.storyboard; name = Base; path = Base.lproj/Main.storyboard; sourceTree = "<group>"; };
		8F20F00E291B92AD0049B0A4 /* Assets.xcassets */ = {isa = PBXFileReference; lastKnownFileType = folder.assetcatalog; path = Assets.xcassets; sourceTree = "<group>"; };
		8F20F011291B92AD0049B0A4 /* Base */ = {isa = PBXFileReference; lastKnownFileType = file.storyboard; name = Base; path = Base.lproj/LaunchScreen.storyboard; sourceTree = "<group>"; };
		8F20F013291B92AD0049B0A4 /* Info.plist */ = {isa = PBXFileReference; lastKnownFileType = text.plist.xml; path = Info.plist; sourceTree = "<group>"; };
		8F20F019291BB1460049B0A4 /* AppCoordinator.swift */ = {isa = PBXFileReference; lastKnownFileType = sourcecode.swift; path = AppCoordinator.swift; sourceTree = "<group>"; };
		8F20F01C291BC9AA0049B0A4 /* Data.json */ = {isa = PBXFileReference; lastKnownFileType = text.json; path = Data.json; sourceTree = "<group>"; };
		8F20F01E291BCB230049B0A4 /* Pizza.swift */ = {isa = PBXFileReference; lastKnownFileType = sourcecode.swift; path = Pizza.swift; sourceTree = "<group>"; };
		8F20F020291BCBDD0049B0A4 /* PizzaService.swift */ = {isa = PBXFileReference; lastKnownFileType = sourcecode.swift; path = PizzaService.swift; sourceTree = "<group>"; };
/* End PBXFileReference section */

/* Begin PBXFrameworksBuildPhase section */
		8F20EFFF291B92AC0049B0A4 /* Frameworks */ = {
			isa = PBXFrameworksBuildPhase;
			buildActionMask = 2147483647;
			files = (
			);
			runOnlyForDeploymentPostprocessing = 0;
		};
/* End PBXFrameworksBuildPhase section */

/* Begin PBXGroup section */
		8F20EFF9291B92AC0049B0A4 = {
			isa = PBXGroup;
			children = (
				8F20F004291B92AC0049B0A4 /* PizzaLizza */,
				8F20F003291B92AC0049B0A4 /* Products */,
			);
			sourceTree = "<group>";
		};
		8F20F003291B92AC0049B0A4 /* Products */ = {
			isa = PBXGroup;
			children = (
				8F20F002291B92AC0049B0A4 /* PizzaLizza.app */,
			);
			name = Products;
			sourceTree = "<group>";
		};
		8F20F004291B92AC0049B0A4 /* PizzaLizza */ = {
			isa = PBXGroup;
			children = (
				8F20F01B291BC97E0049B0A4 /* Model */,
				8F20F005291B92AC0049B0A4 /* AppDelegate.swift */,
				8F20F007291B92AC0049B0A4 /* SceneDelegate.swift */,
				8F20F009291B92AC0049B0A4 /* MainController.swift */,
				8F20F00B291B92AC0049B0A4 /* Main.storyboard */,
				8F20F00E291B92AD0049B0A4 /* Assets.xcassets */,
				8F20F010291B92AD0049B0A4 /* LaunchScreen.storyboard */,
				8F20F013291B92AD0049B0A4 /* Info.plist */,
				8F20F019291BB1460049B0A4 /* AppCoordinator.swift */,
				8F20F01C291BC9AA0049B0A4 /* Data.json */,
			);
			path = PizzaLizza;
			sourceTree = "<group>";
		};
		8F20F01B291BC97E0049B0A4 /* Model */ = {
			isa = PBXGroup;
			children = (
				8F20F01E291BCB230049B0A4 /* Pizza.swift */,
				8F20F020291BCBDD0049B0A4 /* PizzaService.swift */,
			);
			path = Model;
			sourceTree = "<group>";
		};
/* End PBXGroup section */

/* Begin PBXNativeTarget section */
		8F20F001291B92AC0049B0A4 /* PizzaLizza */ = {
			isa = PBXNativeTarget;
			buildConfigurationList = 8F20F016291B92AD0049B0A4 /* Build configuration list for PBXNativeTarget "PizzaLizza" */;
			buildPhases = (
				8F20EFFE291B92AC0049B0A4 /* Sources */,
				8F20EFFF291B92AC0049B0A4 /* Frameworks */,
				8F20F000291B92AC0049B0A4 /* Resources */,
			);
			buildRules = (
			);
			dependencies = (
			);
			name = PizzaLizza;
			productName = PizzaLizza;
			productReference = 8F20F002291B92AC0049B0A4 /* PizzaLizza.app */;
			productType = "com.apple.product-type.application";
		};
/* End PBXNativeTarget section */

/* Begin PBXProject section */
		8F20EFFA291B92AC0049B0A4 /* Project object */ = {
			isa = PBXProject;
			attributes = {
				BuildIndependentTargetsInParallel = 1;
				LastSwiftUpdateCheck = 1410;
				LastUpgradeCheck = 1410;
				TargetAttributes = {
					8F20F001291B92AC0049B0A4 = {
						CreatedOnToolsVersion = 14.1;
					};
				};
			};
			buildConfigurationList = 8F20EFFD291B92AC0049B0A4 /* Build configuration list for PBXProject "PizzaLizza" */;
			compatibilityVersion = "Xcode 14.0";
			developmentRegion = en;
			hasScannedForEncodings = 0;
			knownRegions = (
				en,
				Base,
			);
			mainGroup = 8F20EFF9291B92AC0049B0A4;
			productRefGroup = 8F20F003291B92AC0049B0A4 /* Products */;
			projectDirPath = "";
			projectRoot = "";
			targets = (
				8F20F001291B92AC0049B0A4 /* PizzaLizza */,
			);
		};
/* End PBXProject section */

/* Begin PBXResourcesBuildPhase section */
		8F20F000291B92AC0049B0A4 /* Resources */ = {
			isa = PBXResourcesBuildPhase;
			buildActionMask = 2147483647;
			files = (
				8F20F012291B92AD0049B0A4 /* LaunchScreen.storyboard in Resources */,
				8F20F00F291B92AD0049B0A4 /* Assets.xcassets in Resources */,
				8F20F00D291B92AC0049B0A4 /* Main.storyboard in Resources */,
				8F20F01D291BC9AA0049B0A4 /* Data.json in Resources */,
			);
			runOnlyForDeploymentPostprocessing = 0;
		};
/* End PBXResourcesBuildPhase section */

/* Begin PBXSourcesBuildPhase section */
		8F20EFFE291B92AC0049B0A4 /* Sources */ = {
			isa = PBXSourcesBuildPhase;
			buildActionMask = 2147483647;
			files = (
				8F20F01A291BB1460049B0A4 /* AppCoordinator.swift in Sources */,
				8F20F00A291B92AC0049B0A4 /* MainController.swift in Sources */,
				8F20F006291B92AC0049B0A4 /* AppDelegate.swift in Sources */,
				8F20F01F291BCB240049B0A4 /* Pizza.swift in Sources */,
				8F20F021291BCBDD0049B0A4 /* PizzaService.swift in Sources */,
				8F20F008291B92AC0049B0A4 /* SceneDelegate.swift in Sources */,
			);
			runOnlyForDeploymentPostprocessing = 0;
		};
/* End PBXSourcesBuildPhase section */

/* Begin PBXVariantGroup section */
		8F20F00B291B92AC0049B0A4 /* Main.storyboard */ = {
			isa = PBXVariantGroup;
			children = (
				8F20F00C291B92AC0049B0A4 /* Base */,
			);
			name = Main.storyboard;
			sourceTree = "<group>";
		};
		8F20F010291B92AD0049B0A4 /* LaunchScreen.storyboard */ = {
			isa = PBXVariantGroup;
			children = (
				8F20F011291B92AD0049B0A4 /* Base */,
			);
			name = LaunchScreen.storyboard;
			sourceTree = "<group>";
		};
/* End PBXVariantGroup section */

/* Begin XCBuildConfiguration section */
		8F20F014291B92AD0049B0A4 /* Debug */ = {
			isa = XCBuildConfiguration;
			buildSettings = {
				ALWAYS_SEARCH_USER_PATHS = NO;
				CLANG_ANALYZER_NONNULL = YES;
				CLANG_ANALYZER_NUMBER_OBJECT_CONVERSION = YES_AGGRESSIVE;
				CLANG_CXX_LANGUAGE_STANDARD = "gnu++20";
				CLANG_ENABLE_MODULES = YES;
				CLANG_ENABLE_OBJC_ARC = YES;
				CLANG_ENABLE_OBJC_WEAK = YES;
				CLANG_WARN_BLOCK_CAPTURE_AUTORELEASING = YES;
				CLANG_WARN_BOOL_CONVERSION = YES;
				CLANG_WARN_COMMA = YES;
				CLANG_WARN_CONSTANT_CONVERSION = YES;
				CLANG_WARN_DEPRECATED_OBJC_IMPLEMENTATIONS = YES;
				CLANG_WARN_DIRECT_OBJC_ISA_USAGE = YES_ERROR;
				CLANG_WARN_DOCUMENTATION_COMMENTS = YES;
				CLANG_WARN_EMPTY_BODY = YES;
				CLANG_WARN_ENUM_CONVERSION = YES;
				CLANG_WARN_INFINITE_RECURSION = YES;
				CLANG_WARN_INT_CONVERSION = YES;
				CLANG_WARN_NON_LITERAL_NULL_CONVERSION = YES;
				CLANG_WARN_OBJC_IMPLICIT_RETAIN_SELF = YES;
				CLANG_WARN_OBJC_LITERAL_CONVERSION = YES;
				CLANG_WARN_OBJC_ROOT_CLASS = YES_ERROR;
				CLANG_WARN_QUOTED_INCLUDE_IN_FRAMEWORK_HEADER = YES;
				CLANG_WARN_RANGE_LOOP_ANALYSIS = YES;
				CLANG_WARN_STRICT_PROTOTYPES = YES;
				CLANG_WARN_SUSPICIOUS_MOVE = YES;
				CLANG_WARN_UNGUARDED_AVAILABILITY = YES_AGGRESSIVE;
				CLANG_WARN_UNREACHABLE_CODE = YES;
				CLANG_WARN__DUPLICATE_METHOD_MATCH = YES;
				COPY_PHASE_STRIP = NO;
				DEBUG_INFORMATION_FORMAT = dwarf;
				ENABLE_STRICT_OBJC_MSGSEND = YES;
				ENABLE_TESTABILITY = YES;
				GCC_C_LANGUAGE_STANDARD = gnu11;
				GCC_DYNAMIC_NO_PIC = NO;
				GCC_NO_COMMON_BLOCKS = YES;
				GCC_OPTIMIZATION_LEVEL = 0;
				GCC_PREPROCESSOR_DEFINITIONS = (
					"DEBUG=1",
					"$(inherited)",
				);
				GCC_WARN_64_TO_32_BIT_CONVERSION = YES;
				GCC_WARN_ABOUT_RETURN_TYPE = YES_ERROR;
				GCC_WARN_UNDECLARED_SELECTOR = YES;
				GCC_WARN_UNINITIALIZED_AUTOS = YES_AGGRESSIVE;
				GCC_WARN_UNUSED_FUNCTION = YES;
				GCC_WARN_UNUSED_VARIABLE = YES;
				IPHONEOS_DEPLOYMENT_TARGET = 16.1;
				MTL_ENABLE_DEBUG_INFO = INCLUDE_SOURCE;
				MTL_FAST_MATH = YES;
				ONLY_ACTIVE_ARCH = YES;
				SDKROOT = iphoneos;
				SWIFT_ACTIVE_COMPILATION_CONDITIONS = DEBUG;
				SWIFT_OPTIMIZATION_LEVEL = "-Onone";
			};
			name = Debug;
		};
		8F20F015291B92AD0049B0A4 /* Release */ = {
			isa = XCBuildConfiguration;
			buildSettings = {
				ALWAYS_SEARCH_USER_PATHS = NO;
				CLANG_ANALYZER_NONNULL = YES;
				CLANG_ANALYZER_NUMBER_OBJECT_CONVERSION = YES_AGGRESSIVE;
				CLANG_CXX_LANGUAGE_STANDARD = "gnu++20";
				CLANG_ENABLE_MODULES = YES;
				CLANG_ENABLE_OBJC_ARC = YES;
				CLANG_ENABLE_OBJC_WEAK = YES;
				CLANG_WARN_BLOCK_CAPTURE_AUTORELEASING = YES;
				CLANG_WARN_BOOL_CONVERSION = YES;
				CLANG_WARN_COMMA = YES;
				CLANG_WARN_CONSTANT_CONVERSION = YES;
				CLANG_WARN_DEPRECATED_OBJC_IMPLEMENTATIONS = YES;
				CLANG_WARN_DIRECT_OBJC_ISA_USAGE = YES_ERROR;
				CLANG_WARN_DOCUMENTATION_COMMENTS = YES;
				CLANG_WARN_EMPTY_BODY = YES;
				CLANG_WARN_ENUM_CONVERSION = YES;
				CLANG_WARN_INFINITE_RECURSION = YES;
				CLANG_WARN_INT_CONVERSION = YES;
				CLANG_WARN_NON_LITERAL_NULL_CONVERSION = YES;
				CLANG_WARN_OBJC_IMPLICIT_RETAIN_SELF = YES;
				CLANG_WARN_OBJC_LITERAL_CONVERSION = YES;
				CLANG_WARN_OBJC_ROOT_CLASS = YES_ERROR;
				CLANG_WARN_QUOTED_INCLUDE_IN_FRAMEWORK_HEADER = YES;
				CLANG_WARN_RANGE_LOOP_ANALYSIS = YES;
				CLANG_WARN_STRICT_PROTOTYPES = YES;
				CLANG_WARN_SUSPICIOUS_MOVE = YES;
				CLANG_WARN_UNGUARDED_AVAILABILITY = YES_AGGRESSIVE;
				CLANG_WARN_UNREACHABLE_CODE = YES;
				CLANG_WARN__DUPLICATE_METHOD_MATCH = YES;
				COPY_PHASE_STRIP = NO;
				DEBUG_INFORMATION_FORMAT = "dwarf-with-dsym";
				ENABLE_NS_ASSERTIONS = NO;
				ENABLE_STRICT_OBJC_MSGSEND = YES;
				GCC_C_LANGUAGE_STANDARD = gnu11;
				GCC_NO_COMMON_BLOCKS = YES;
				GCC_WARN_64_TO_32_BIT_CONVERSION = YES;
				GCC_WARN_ABOUT_RETURN_TYPE = YES_ERROR;
				GCC_WARN_UNDECLARED_SELECTOR = YES;
				GCC_WARN_UNINITIALIZED_AUTOS = YES_AGGRESSIVE;
				GCC_WARN_UNUSED_FUNCTION = YES;
				GCC_WARN_UNUSED_VARIABLE = YES;
				IPHONEOS_DEPLOYMENT_TARGET = 16.1;
				MTL_ENABLE_DEBUG_INFO = NO;
				MTL_FAST_MATH = YES;
				SDKROOT = iphoneos;
				SWIFT_COMPILATION_MODE = wholemodule;
				SWIFT_OPTIMIZATION_LEVEL = "-O";
				VALIDATE_PRODUCT = YES;
			};
			name = Release;
		};
		8F20F017291B92AD0049B0A4 /* Debug */ = {
			isa = XCBuildConfiguration;
			buildSettings = {
				ASSETCATALOG_COMPILER_APPICON_NAME = AppIcon;
				ASSETCATALOG_COMPILER_GLOBAL_ACCENT_COLOR_NAME = AccentColor;
				CODE_SIGN_STYLE = Automatic;
				CURRENT_PROJECT_VERSION = 1;
				DEVELOPMENT_TEAM = 67Y666X7TJ;
				GENERATE_INFOPLIST_FILE = YES;
				INFOPLIST_FILE = PizzaLizza/Info.plist;
				INFOPLIST_KEY_UIApplicationSupportsIndirectInputEvents = YES;
				INFOPLIST_KEY_UILaunchStoryboardName = LaunchScreen;
				INFOPLIST_KEY_UISupportedInterfaceOrientations = UIInterfaceOrientationPortrait;
				INFOPLIST_KEY_UISupportedInterfaceOrientations_iPad = "UIInterfaceOrientationLandscapeLeft UIInterfaceOrientationLandscapeRight UIInterfaceOrientationPortrait UIInterfaceOrientationPortraitUpsideDown";
				IPHONEOS_DEPLOYMENT_TARGET = 15.0;
				LD_RUNPATH_SEARCH_PATHS = (
					"$(inherited)",
					"@executable_path/Frameworks",
				);
				MARKETING_VERSION = 1.0;
				PRODUCT_BUNDLE_IDENTIFIER = com.ziddan.PizzaLizza;
				PRODUCT_NAME = "$(TARGET_NAME)";
				SWIFT_EMIT_LOC_STRINGS = YES;
				SWIFT_VERSION = 5.0;
				TARGETED_DEVICE_FAMILY = "1,2";
			};
			name = Debug;
		};
		8F20F018291B92AD0049B0A4 /* Release */ = {
			isa = XCBuildConfiguration;
			buildSettings = {
				ASSETCATALOG_COMPILER_APPICON_NAME = AppIcon;
				ASSETCATALOG_COMPILER_GLOBAL_ACCENT_COLOR_NAME = AccentColor;
				CODE_SIGN_STYLE = Automatic;
				CURRENT_PROJECT_VERSION = 1;
				DEVELOPMENT_TEAM = 67Y666X7TJ;
				GENERATE_INFOPLIST_FILE = YES;
				INFOPLIST_FILE = PizzaLizza/Info.plist;
				INFOPLIST_KEY_UIApplicationSupportsIndirectInputEvents = YES;
				INFOPLIST_KEY_UILaunchStoryboardName = LaunchScreen;
				INFOPLIST_KEY_UISupportedInterfaceOrientations = UIInterfaceOrientationPortrait;
				INFOPLIST_KEY_UISupportedInterfaceOrientations_iPad = "UIInterfaceOrientationLandscapeLeft UIInterfaceOrientationLandscapeRight UIInterfaceOrientationPortrait UIInterfaceOrientationPortraitUpsideDown";
				IPHONEOS_DEPLOYMENT_TARGET = 15.0;
				LD_RUNPATH_SEARCH_PATHS = (
					"$(inherited)",
					"@executable_path/Frameworks",
				);
				MARKETING_VERSION = 1.0;
				PRODUCT_BUNDLE_IDENTIFIER = com.ziddan.PizzaLizza;
				PRODUCT_NAME = "$(TARGET_NAME)";
				SWIFT_EMIT_LOC_STRINGS = YES;
				SWIFT_VERSION = 5.0;
				TARGETED_DEVICE_FAMILY = "1,2";
			};
			name = Release;
		};
/* End XCBuildConfiguration section */

/* Begin XCConfigurationList section */
		8F20EFFD291B92AC0049B0A4 /* Build configuration list for PBXProject "PizzaLizza" */ = {
			isa = XCConfigurationList;
			buildConfigurations = (
				8F20F014291B92AD0049B0A4 /* Debug */,
				8F20F015291B92AD0049B0A4 /* Release */,
			);
			defaultConfigurationIsVisible = 0;
			defaultConfigurationName = Release;
		};
		8F20F016291B92AD0049B0A4 /* Build configuration list for PBXNativeTarget "PizzaLizza" */ = {
			isa = XCConfigurationList;
			buildConfigurations = (
				8F20F017291B92AD0049B0A4 /* Debug */,
				8F20F018291B92AD0049B0A4 /* Release */,
			);
			defaultConfigurationIsVisible = 0;
			defaultConfigurationName = Release;
		};
/* End XCConfigurationList section */
	};
	rootObject = 8F20EFFA291B92AC0049B0A4 /* Project object */;
}
